
Microsoft Visual Studio Solution File, Format Version 12.00
# Visual Studio 15
VisualStudioVersion = 15.0.27703.2047
MinimumVisualStudioVersion = 10.0.40219.1
Project("{FAE04EC0-301F-11D3-BF4B-00C04F79EFBC}") = "Otelim.az", "Otelim.az\Otelim.az.csproj", "{5C1CEAC9-053F-40BC-9C6F-7C3532E04084}"
EndProject
Global
	GlobalSection(SolutionConfigurationPlatforms) = preSolution
		Debug|Any CPU = Debug|Any CPU
		Release|Any CPU = Release|Any CPU
	EndGlobalSection
	GlobalSection(ProjectConfigurationPlatforms) = postSolution
		{5C1CEAC9-053F-40BC-9C6F-7C3532E04084}.Debug|Any CPU.ActiveCfg = Debug|Any CPU
		{5C1CEAC9-053F-40BC-9C6F-7C3532E04084}.Debug|Any CPU.Build.0 = Debug|Any CPU
		{5C1CEAC9-053F-40BC-9C6F-7C3532E04084}.Release|Any CPU.ActiveCfg = Release|Any CPU
		{5C1CEAC9-053F-40BC-9C6F-7C3532E04084}.Release|Any CPU.Build.0 = Release|Any CPU
	EndGlobalSection
	GlobalSection(SolutionProperties) = preSolution
		HideSolutionNode = FALSE
	EndGlobalSection
	GlobalSection(ExtensibilityGlobals) = postSolution
		SolutionGuid = {AA5D0BC7-EAC4-462F-8817-6F915678BED5}
	EndGlobalSection
EndGlobal
